// !$*UTF8*$!
{
	archiveVersion = 1;
	classes = {
	};
	objectVersion = 48;
	objects = {

/* Begin PBXBuildFile section */
		59A917F01FDA7FC7000C3260 /* mainClient.c in Sources */ = {isa = PBXBuildFile; fileRef = 59A917EF1FDA7FC7000C3260 /* mainClient.c */; };
		59A917F11FDA7FE6000C3260 /* mainServer.c in Sources */ = {isa = PBXBuildFile; fileRef = 59A917E31FDA7FBA000C3260 /* mainServer.c */; };
		59A917F41FDA802B000C3260 /* libGroundBase.dylib in Frameworks */ = {isa = PBXBuildFile; fileRef = 59A917F31FDA802B000C3260 /* libGroundBase.dylib */; };
		59A917F51FDA802E000C3260 /* libGroundBase.dylib in Frameworks */ = {isa = PBXBuildFile; fileRef = 59A917F31FDA802B000C3260 /* libGroundBase.dylib */; };
/* End PBXBuildFile section */

/* Begin PBXCopyFilesBuildPhase section */
		59A917D61FDA7F7A000C3260 /* CopyFiles */ = {
			isa = PBXCopyFilesBuildPhase;
			buildActionMask = 2147483647;
			dstPath = /usr/share/man/man1/;
			dstSubfolderSpec = 0;
			files = (
			);
			runOnlyForDeploymentPostprocessing = 1;
		};
		59A917E91FDA7FBC000C3260 /* CopyFiles */ = {
			isa = PBXCopyFilesBuildPhase;
			buildActionMask = 2147483647;
			dstPath = /usr/share/man/man1/;
			dstSubfolderSpec = 0;
			files = (
			);
			runOnlyForDeploymentPostprocessing = 1;
		};
/* End PBXCopyFilesBuildPhase section */

/* Begin PBXFileReference section */
		59A917D81FDA7F7A000C3260 /* UPCDemoCServer */ = {isa = PBXFileReference; explicitFileType = "compiled.mach-o.executable"; includeInIndex = 0; path = UPCDemoCServer; sourceTree = BUILT_PRODUCTS_DIR; };
		59A917E31FDA7FBA000C3260 /* mainServer.c */ = {isa = PBXFileReference; fileEncoding = 4; lastKnownFileType = sourcecode.c.c; path = mainServer.c; sourceTree = "<group>"; };
		59A917ED1FDA7FBC000C3260 /* UPCDemoCClient */ = {isa = PBXFileReference; explicitFileType = "compiled.mach-o.executable"; includeInIndex = 0; path = UPCDemoCClient; sourceTree = BUILT_PRODUCTS_DIR; };
		59A917EF1FDA7FC7000C3260 /* mainClient.c */ = {isa = PBXFileReference; fileEncoding = 4; lastKnownFileType = sourcecode.c.c; path = mainClient.c; sourceTree = "<group>"; };
		59A917F31FDA802B000C3260 /* libGroundBase.dylib */ = {isa = PBXFileReference; lastKnownFileType = "compiled.mach-o.dylib"; name = libGroundBase.dylib; path = ../../../../../../../../../usr/local/lib/libGroundBase.dylib; sourceTree = "<group>"; };
		59A917F61FDA80D3000C3260 /* DemoUPC.h */ = {isa = PBXFileReference; lastKnownFileType = sourcecode.c.h; name = DemoUPC.h; path = ../../Commons/DemoUPC.h; sourceTree = "<group>"; };
/* End PBXFileReference section */

/* Begin PBXFrameworksBuildPhase section */
		59A917D51FDA7F7A000C3260 /* Frameworks */ = {
			isa = PBXFrameworksBuildPhase;
			buildActionMask = 2147483647;
			files = (
				59A917F41FDA802B000C3260 /* libGroundBase.dylib in Frameworks */,
			);
			runOnlyForDeploymentPostprocessing = 0;
		};
		59A917E81FDA7FBC000C3260 /* Frameworks */ = {
			isa = PBXFrameworksBuildPhase;
			buildActionMask = 2147483647;
			files = (
				59A917F51FDA802E000C3260 /* libGroundBase.dylib in Frameworks */,
			);
			runOnlyForDeploymentPostprocessing = 0;
		};
/* End PBXFrameworksBuildPhase section */

/* Begin PBXGroup section */
		59A917CF1FDA7F7A000C3260 = {
			isa = PBXGroup;
			children = (
				59A917F71FDA80D8000C3260 /* Commons */,
				59A917EE1FDA7FC7000C3260 /* client */,
				59A917E21FDA7FBA000C3260 /* server */,
				59A917D91FDA7F7A000C3260 /* Products */,
				59A917F21FDA802B000C3260 /* Frameworks */,
			);
			sourceTree = "<group>";
		};
		59A917D91FDA7F7A000C3260 /* Products */ = {
			isa = PBXGroup;
			children = (
				59A917D81FDA7F7A000C3260 /* UPCDemoCServer */,
				59A917ED1FDA7FBC000C3260 /* UPCDemoCClient */,
			);
			name = Products;
			sourceTree = "<group>";
		};
		59A917E21FDA7FBA000C3260 /* server */ = {
			isa = PBXGroup;
			children = (
				59A917E31FDA7FBA000C3260 /* mainServer.c */,
			);
			path = server;
			sourceTree = "<group>";
		};
		59A917EE1FDA7FC7000C3260 /* client */ = {
			isa = PBXGroup;
			children = (
				59A917EF1FDA7FC7000C3260 /* mainClient.c */,
			);
			path = client;
			sourceTree = "<group>";
		};
		59A917F21FDA802B000C3260 /* Frameworks */ = {
			isa = PBXGroup;
			children = (
				59A917F31FDA802B000C3260 /* libGroundBase.dylib */,
			);
			name = Frameworks;
			sourceTree = "<group>";
		};
		59A917F71FDA80D8000C3260 /* Commons */ = {
			isa = PBXGroup;
			children = (
				59A917F61FDA80D3000C3260 /* DemoUPC.h */,
			);
			name = Commons;
			sourceTree = "<group>";
		};
/* End PBXGroup section */

/* Begin PBXNativeTarget section */
		59A917D71FDA7F7A000C3260 /* UPCDemoCServer */ = {
			isa = PBXNativeTarget;
			buildConfigurationList = 59A917DF1FDA7F7A000C3260 /* Build configuration list for PBXNativeTarget "UPCDemoCServer" */;
			buildPhases = (
				59A917D41FDA7F7A000C3260 /* Sources */,
				59A917D51FDA7F7A000C3260 /* Frameworks */,
				59A917D61FDA7F7A000C3260 /* CopyFiles */,
			);
			buildRules = (
			);
			dependencies = (
			);
			name = UPCDemoCServer;
			productName = UPCDemoCPP;
			productReference = 59A917D81FDA7F7A000C3260 /* UPCDemoCServer */;
			productType = "com.apple.product-type.tool";
		};
		59A917E51FDA7FBC000C3260 /* UPCDemoCClient */ = {
			isa = PBXNativeTarget;
			buildConfigurationList = 59A917EA1FDA7FBC000C3260 /* Build configuration list for PBXNativeTarget "UPCDemoCClient" */;
			buildPhases = (
				59A917E61FDA7FBC000C3260 /* Sources */,
				59A917E81FDA7FBC000C3260 /* Frameworks */,
				59A917E91FDA7FBC000C3260 /* CopyFiles */,
			);
			buildRules = (
			);
			dependencies = (
			);
			name = UPCDemoCClient;
			productName = UPCDemoCPP;
			productReference = 59A917ED1FDA7FBC000C3260 /* UPCDemoCClient */;
			productType = "com.apple.product-type.tool";
		};
/* End PBXNativeTarget section */

/* Begin PBXProject section */
		59A917D01FDA7F7A000C3260 /* Project object */ = {
			isa = PBXProject;
			attributes = {
				LastUpgradeCheck = 0910;
				ORGANIZATIONNAME = "Manuel Deneu";
				TargetAttributes = {
					59A917D71FDA7F7A000C3260 = {
						CreatedOnToolsVersion = 9.1;
						ProvisioningStyle = Automatic;
					};
					59A917E51FDA7FBC000C3260 = {
						ProvisioningStyle = Automatic;
					};
				};
			};
			buildConfigurationList = 59A917D31FDA7F7A000C3260 /* Build configuration list for PBXProject "UPCDemoC" */;
			compatibilityVersion = "Xcode 8.0";
			developmentRegion = en;
			hasScannedForEncodings = 0;
			knownRegions = (
				en,
			);
			mainGroup = 59A917CF1FDA7F7A000C3260;
			productRefGroup = 59A917D91FDA7F7A000C3260 /* Products */;
			projectDirPath = "";
			projectRoot = "";
			targets = (
				59A917D71FDA7F7A000C3260 /* UPCDemoCServer */,
				59A917E51FDA7FBC000C3260 /* UPCDemoCClient */,
			);
		};
/* End PBXProject section */

/* Begin PBXSourcesBuildPhase section */
		59A917D41FDA7F7A000C3260 /* Sources */ = {
			isa = PBXSourcesBuildPhase;
			buildActionMask = 2147483647;
			files = (
				59A917F11FDA7FE6000C3260 /* mainServer.c in Sources */,
			);
			runOnlyForDeploymentPostprocessing = 0;
		};
		59A917E61FDA7FBC000C3260 /* Sources */ = {
			isa = PBXSourcesBuildPhase;
			buildActionMask = 2147483647;
			files = (
				59A917F01FDA7FC7000C3260 /* mainClient.c in Sources */,
			);
			runOnlyForDeploymentPostprocessing = 0;
		};
/* End PBXSourcesBuildPhase section */

/* Begin XCBuildConfiguration section */
		59A917DD1FDA7F7A000C3260 /* Debug */ = {
			isa = XCBuildConfiguration;
			buildSettings = {
				ALWAYS_SEARCH_USER_PATHS = NO;
				CLANG_ANALYZER_NONNULL = YES;
				CLANG_ANALYZER_NUMBER_OBJECT_CONVERSION = YES_AGGRESSIVE;
				CLANG_CXX_LANGUAGE_STANDARD = "gnu++14";
				CLANG_CXX_LIBRARY = "libc++";
				CLANG_ENABLE_MODULES = YES;
				CLANG_ENABLE_OBJC_ARC = YES;
				CLANG_WARN_BLOCK_CAPTURE_AUTORELEASING = YES;
				CLANG_WARN_BOOL_CONVERSION = YES;
				CLANG_WARN_COMMA = YES;
				CLANG_WARN_CONSTANT_CONVERSION = YES;
				CLANG_WARN_DIRECT_OBJC_ISA_USAGE = YES_ERROR;
				CLANG_WARN_DOCUMENTATION_COMMENTS = YES;
				CLANG_WARN_EMPTY_BODY = YES;
				CLANG_WARN_ENUM_CONVERSION = YES;
				CLANG_WARN_INFINITE_RECURSION = YES;
				CLANG_WARN_INT_CONVERSION = YES;
				CLANG_WARN_NON_LITERAL_NULL_CONVERSION = YES;
				CLANG_WARN_OBJC_LITERAL_CONVERSION = YES;
				CLANG_WARN_OBJC_ROOT_CLASS = YES_ERROR;
				CLANG_WARN_RANGE_LOOP_ANALYSIS = YES;
				CLANG_WARN_STRICT_PROTOTYPES = YES;
				CLANG_WARN_SUSPICIOUS_MOVE = YES;
				CLANG_WARN_UNGUARDED_AVAILABILITY = YES_AGGRESSIVE;
				CLANG_WARN_UNREACHABLE_CODE = YES;
				CLANG_WARN__DUPLICATE_METHOD_MATCH = YES;
				CODE_SIGN_IDENTITY = "-";
				COPY_PHASE_STRIP = NO;
				DEBUG_INFORMATION_FORMAT = dwarf;
				ENABLE_STRICT_OBJC_MSGSEND = YES;
				ENABLE_TESTABILITY = YES;
				GCC_C_LANGUAGE_STANDARD = gnu11;
				GCC_DYNAMIC_NO_PIC = NO;
				GCC_NO_COMMON_BLOCKS = YES;
				GCC_OPTIMIZATION_LEVEL = 0;
				GCC_PREPROCESSOR_DEFINITIONS = (
					"DEBUG=1",
					"$(inherited)",
				);
				GCC_WARN_64_TO_32_BIT_CONVERSION = YES;
				GCC_WARN_ABOUT_RETURN_TYPE = YES_ERROR;
				GCC_WARN_UNDECLARED_SELECTOR = YES;
				GCC_WARN_UNINITIALIZED_AUTOS = YES_AGGRESSIVE;
				GCC_WARN_UNUSED_FUNCTION = YES;
				GCC_WARN_UNUSED_VARIABLE = YES;
				HEADER_SEARCH_PATHS = /usr/local/include/GroundBase/;
				LIBRARY_SEARCH_PATHS = /usr/local/lib/;
				MACOSX_DEPLOYMENT_TARGET = 10.13;
				MTL_ENABLE_DEBUG_INFO = YES;
				ONLY_ACTIVE_ARCH = YES;
				SDKROOT = macosx;
			};
			name = Debug;
		};
		59A917DE1FDA7F7A000C3260 /* Release */ = {
			isa = XCBuildConfiguration;
			buildSettings = {
				ALWAYS_SEARCH_USER_PATHS = NO;
				CLANG_ANALYZER_NONNULL = YES;
				CLANG_ANALYZER_NUMBER_OBJECT_CONVERSION = YES_AGGRESSIVE;
				CLANG_CXX_LANGUAGE_STANDARD = "gnu++14";
				CLANG_CXX_LIBRARY = "libc++";
				CLANG_ENABLE_MODULES = YES;
				CLANG_ENABLE_OBJC_ARC = YES;
				CLANG_WARN_BLOCK_CAPTURE_AUTORELEASING = YES;
				CLANG_WARN_BOOL_CONVERSION = YES;
				CLANG_WARN_COMMA = YES;
				CLANG_WARN_CONSTANT_CONVERSION = YES;
				CLANG_WARN_DIRECT_OBJC_ISA_USAGE = YES_ERROR;
				CLANG_WARN_DOCUMENTATION_COMMENTS = YES;
				CLANG_WARN_EMPTY_BODY = YES;
				CLANG_WARN_ENUM_CONVERSION = YES;
				CLANG_WARN_INFINITE_RECURSION = YES;
				CLANG_WARN_INT_CONVERSION = YES;
				CLANG_WARN_NON_LITERAL_NULL_CONVERSION = YES;
				CLANG_WARN_OBJC_LITERAL_CONVERSION = YES;
				CLANG_WARN_OBJC_ROOT_CLASS = YES_ERROR;
				CLANG_WARN_RANGE_LOOP_ANALYSIS = YES;
				CLANG_WARN_STRICT_PROTOTYPES = YES;
				CLANG_WARN_SUSPICIOUS_MOVE = YES;
				CLANG_WARN_UNGUARDED_AVAILABILITY = YES_AGGRESSIVE;
				CLANG_WARN_UNREACHABLE_CODE = YES;
				CLANG_WARN__DUPLICATE_METHOD_MATCH = YES;
				CODE_SIGN_IDENTITY = "-";
				COPY_PHASE_STRIP = NO;
				DEBUG_INFORMATION_FORMAT = "dwarf-with-dsym";
				ENABLE_NS_ASSERTIONS = NO;
				ENABLE_STRICT_OBJC_MSGSEND = YES;
				GCC_C_LANGUAGE_STANDARD = gnu11;
				GCC_NO_COMMON_BLOCKS = YES;
				GCC_WARN_64_TO_32_BIT_CONVERSION = YES;
				GCC_WARN_ABOUT_RETURN_TYPE = YES_ERROR;
				GCC_WARN_UNDECLARED_SELECTOR = YES;
				GCC_WARN_UNINITIALIZED_AUTOS = YES_AGGRESSIVE;
				GCC_WARN_UNUSED_FUNCTION = YES;
				GCC_WARN_UNUSED_VARIABLE = YES;
				HEADER_SEARCH_PATHS = /usr/local/include/GroundBase/;
				LIBRARY_SEARCH_PATHS = /usr/local/lib/;
				MACOSX_DEPLOYMENT_TARGET = 10.13;
				MTL_ENABLE_DEBUG_INFO = NO;
				SDKROOT = macosx;
			};
			name = Release;
		};
		59A917E01FDA7F7A000C3260 /* Debug */ = {
			isa = XCBuildConfiguration;
			buildSettings = {
				CODE_SIGN_STYLE = Automatic;
				PRODUCT_NAME = "$(TARGET_NAME)";
			};
			name = Debug;
		};
		59A917E11FDA7F7A000C3260 /* Release */ = {
			isa = XCBuildConfiguration;
			buildSettings = {
				CODE_SIGN_STYLE = Automatic;
				PRODUCT_NAME = "$(TARGET_NAME)";
			};
			name = Release;
		};
		59A917EB1FDA7FBC000C3260 /* Debug */ = {
			isa = XCBuildConfiguration;
			buildSettings = {
				CODE_SIGN_STYLE = Automatic;
				PRODUCT_NAME = "$(TARGET_NAME)";
			};
			name = Debug;
		};
		59A917EC1FDA7FBC000C3260 /* Release */ = {
			isa = XCBuildConfiguration;
			buildSettings = {
				CODE_SIGN_STYLE = Automatic;
				PRODUCT_NAME = "$(TARGET_NAME)";
			};
			name = Release;
		};
/* End XCBuildConfiguration section */

/* Begin XCConfigurationList section */
		59A917D31FDA7F7A000C3260 /* Build configuration list for PBXProject "UPCDemoC" */ = {
			isa = XCConfigurationList;
			buildConfigurations = (
				59A917DD1FDA7F7A000C3260 /* Debug */,
				59A917DE1FDA7F7A000C3260 /* Release */,
			);
			defaultConfigurationIsVisible = 0;
			defaultConfigurationName = Release;
		};
		59A917DF1FDA7F7A000C3260 /* Build configuration list for PBXNativeTarget "UPCDemoCServer" */ = {
			isa = XCConfigurationList;
			buildConfigurations = (
				59A917E01FDA7F7A000C3260 /* Debug */,
				59A917E11FDA7F7A000C3260 /* Release */,
			);
			defaultConfigurationIsVisible = 0;
			defaultConfigurationName = Release;
		};
		59A917EA1FDA7FBC000C3260 /* Build configuration list for PBXNativeTarget "UPCDemoCClient" */ = {
			isa = XCConfigurationList;
			buildConfigurations = (
				59A917EB1FDA7FBC000C3260 /* Debug */,
				59A917EC1FDA7FBC000C3260 /* Release */,
			);
			defaultConfigurationIsVisible = 0;
			defaultConfigurationName = Release;
		};
/* End XCConfigurationList section */
	};
	rootObject = 59A917D01FDA7F7A000C3260 /* Project object */;
}
